
Microsoft Visual Studio Solution File, Format Version 12.00
# Visual Studio Version 16
VisualStudioVersion = 16.0.31129.286
MinimumVisualStudioVersion = 10.0.40219.1
Project("{FAE04EC0-301F-11D3-BF4B-00C04F79EFBC}") = "Medical Care", "Medical Care.csproj", "{F5B228E3-6D79-4C82-8B24-BD511D822EAE}"
EndProject
Global
	GlobalSection(SolutionConfigurationPlatforms) = preSolution
		Debug|Any CPU = Debug|Any CPU
		Release|Any CPU = Release|Any CPU
	EndGlobalSection
	GlobalSection(ProjectConfigurationPlatforms) = postSolution
		{F5B228E3-6D79-4C82-8B24-BD511D822EAE}.Debug|Any CPU.ActiveCfg = Debug|Any CPU
		{F5B228E3-6D79-4C82-8B24-BD511D822EAE}.Debug|Any CPU.Build.0 = Debug|Any CPU
		{F5B228E3-6D79-4C82-8B24-BD511D822EAE}.Release|Any CPU.ActiveCfg = Release|Any CPU
		{F5B228E3-6D79-4C82-8B24-BD511D822EAE}.Release|Any CPU.Build.0 = Release|Any CPU
	EndGlobalSection
	GlobalSection(SolutionProperties) = preSolution
		HideSolutionNode = FALSE
	EndGlobalSection
	GlobalSection(ExtensibilityGlobals) = postSolution
		SolutionGuid = {A455AD13-9F6D-468B-93E0-6B535961D26F}
	EndGlobalSection
EndGlobal
